
Microsoft Visual Studio Solution File, Format Version 12.00
# Visual Studio 2013
VisualStudioVersion = 12.0.21005.1
MinimumVisualStudioVersion = 10.0.40219.1
Project("{FAE04EC0-301F-11D3-BF4B-00C04F79EFBC}") = "theTestUDPClient", "theTestUDPClient\theTestUDPClient.csproj", "{565B13E7-598A-4422-BFF5-3A1DCAD88C90}"
EndProject
Global
	GlobalSection(SolutionConfigurationPlatforms) = preSolution
		Debug|Any CPU = Debug|Any CPU
		Release|Any CPU = Release|Any CPU
	EndGlobalSection
	GlobalSection(ProjectConfigurationPlatforms) = postSolution
		{565B13E7-598A-4422-BFF5-3A1DCAD88C90}.Debug|Any CPU.ActiveCfg = Debug|Any CPU
		{565B13E7-598A-4422-BFF5-3A1DCAD88C90}.Debug|Any CPU.Build.0 = Debug|Any CPU
		{565B13E7-598A-4422-BFF5-3A1DCAD88C90}.Release|Any CPU.ActiveCfg = Release|Any CPU
		{565B13E7-598A-4422-BFF5-3A1DCAD88C90}.Release|Any CPU.Build.0 = Release|Any CPU
	EndGlobalSection
	GlobalSection(SolutionProperties) = preSolution
		HideSolutionNode = FALSE
	EndGlobalSection
EndGlobal
