
Microsoft Visual Studio Solution File, Format Version 12.00
# Visual Studio 2013
VisualStudioVersion = 12.0.21005.1
MinimumVisualStudioVersion = 10.0.40219.1
Project("{FAE04EC0-301F-11D3-BF4B-00C04F79EFBC}") = "Bài 01 - Server", "Bài 01 - Server\Bài 01 - Server.csproj", "{CA444FEB-1C82-4C06-A9B3-7D0388904788}"
EndProject
Project("{FAE04EC0-301F-11D3-BF4B-00C04F79EFBC}") = "Bài 02 - Client", "Bài 02 - Client\Bài 02 - Client.csproj", "{61FD40E1-A1C3-4B8B-822F-E9A8CC838448}"
EndProject
Global
	GlobalSection(SolutionConfigurationPlatforms) = preSolution
		Debug|Any CPU = Debug|Any CPU
		Release|Any CPU = Release|Any CPU
	EndGlobalSection
	GlobalSection(ProjectConfigurationPlatforms) = postSolution
		{CA444FEB-1C82-4C06-A9B3-7D0388904788}.Debug|Any CPU.ActiveCfg = Debug|Any CPU
		{CA444FEB-1C82-4C06-A9B3-7D0388904788}.Debug|Any CPU.Build.0 = Debug|Any CPU
		{CA444FEB-1C82-4C06-A9B3-7D0388904788}.Release|Any CPU.ActiveCfg = Release|Any CPU
		{CA444FEB-1C82-4C06-A9B3-7D0388904788}.Release|Any CPU.Build.0 = Release|Any CPU
		{61FD40E1-A1C3-4B8B-822F-E9A8CC838448}.Debug|Any CPU.ActiveCfg = Debug|Any CPU
		{61FD40E1-A1C3-4B8B-822F-E9A8CC838448}.Debug|Any CPU.Build.0 = Debug|Any CPU
		{61FD40E1-A1C3-4B8B-822F-E9A8CC838448}.Release|Any CPU.ActiveCfg = Release|Any CPU
		{61FD40E1-A1C3-4B8B-822F-E9A8CC838448}.Release|Any CPU.Build.0 = Release|Any CPU
	EndGlobalSection
	GlobalSection(SolutionProperties) = preSolution
		HideSolutionNode = FALSE
	EndGlobalSection
EndGlobal
