
Microsoft Visual Studio Solution File, Format Version 12.00
# Visual Studio 2013
VisualStudioVersion = 12.0.21005.1
MinimumVisualStudioVersion = 10.0.40219.1
Project("{FAE04EC0-301F-11D3-BF4B-00C04F79EFBC}") = "Bài 04 - Server", "Bài 03 - Server\Bài 04 - Server.csproj", "{5F19EB3B-5D4A-433F-B775-E1FA54971506}"
EndProject
Project("{FAE04EC0-301F-11D3-BF4B-00C04F79EFBC}") = "Bài 04 - Client", "Bài 04 - Client\Bài 04 - Client.csproj", "{1FDDE95F-31A5-46DC-B5BE-C167DC428965}"
EndProject
Global
	GlobalSection(SolutionConfigurationPlatforms) = preSolution
		Debug|Any CPU = Debug|Any CPU
		Release|Any CPU = Release|Any CPU
	EndGlobalSection
	GlobalSection(ProjectConfigurationPlatforms) = postSolution
		{5F19EB3B-5D4A-433F-B775-E1FA54971506}.Debug|Any CPU.ActiveCfg = Debug|Any CPU
		{5F19EB3B-5D4A-433F-B775-E1FA54971506}.Debug|Any CPU.Build.0 = Debug|Any CPU
		{5F19EB3B-5D4A-433F-B775-E1FA54971506}.Release|Any CPU.ActiveCfg = Release|Any CPU
		{5F19EB3B-5D4A-433F-B775-E1FA54971506}.Release|Any CPU.Build.0 = Release|Any CPU
		{1FDDE95F-31A5-46DC-B5BE-C167DC428965}.Debug|Any CPU.ActiveCfg = Debug|Any CPU
		{1FDDE95F-31A5-46DC-B5BE-C167DC428965}.Debug|Any CPU.Build.0 = Debug|Any CPU
		{1FDDE95F-31A5-46DC-B5BE-C167DC428965}.Release|Any CPU.ActiveCfg = Release|Any CPU
		{1FDDE95F-31A5-46DC-B5BE-C167DC428965}.Release|Any CPU.Build.0 = Release|Any CPU
	EndGlobalSection
	GlobalSection(SolutionProperties) = preSolution
		HideSolutionNode = FALSE
	EndGlobalSection
EndGlobal
